// !$*UTF8*$!
{
	archiveVersion = 1;
	classes = {
	};
	objectVersion = 50;
	objects = {

/* Begin PBXBuildFile section */
		58B17B5123576E42002DFB18 /* AppDelegate.swift in Sources */ = {isa = PBXBuildFile; fileRef = 58B17B5023576E42002DFB18 /* AppDelegate.swift */; };
		58B17B5323576E42002DFB18 /* SceneDelegate.swift in Sources */ = {isa = PBXBuildFile; fileRef = 58B17B5223576E42002DFB18 /* SceneDelegate.swift */; };
		58B17B5523576E42002DFB18 /* ViewController.swift in Sources */ = {isa = PBXBuildFile; fileRef = 58B17B5423576E42002DFB18 /* ViewController.swift */; };
		58B17B5823576E42002DFB18 /* Main.storyboard in Resources */ = {isa = PBXBuildFile; fileRef = 58B17B5623576E42002DFB18 /* Main.storyboard */; };
		58B17B5A23576E44002DFB18 /* Assets.xcassets in Resources */ = {isa = PBXBuildFile; fileRef = 58B17B5923576E44002DFB18 /* Assets.xcassets */; };
		58B17B5D23576E44002DFB18 /* LaunchScreen.storyboard in Resources */ = {isa = PBXBuildFile; fileRef = 58B17B5B23576E44002DFB18 /* LaunchScreen.storyboard */; };
		58B17B6823576E44002DFB18 /* MadLibsTests.swift in Sources */ = {isa = PBXBuildFile; fileRef = 58B17B6723576E44002DFB18 /* MadLibsTests.swift */; };
		58B17B7323576E44002DFB18 /* MadLibsUITests.swift in Sources */ = {isa = PBXBuildFile; fileRef = 58B17B7223576E44002DFB18 /* MadLibsUITests.swift */; };
/* End PBXBuildFile section */

/* Begin PBXContainerItemProxy section */
		58B17B6423576E44002DFB18 /* PBXContainerItemProxy */ = {
			isa = PBXContainerItemProxy;
			containerPortal = 58B17B4523576E42002DFB18 /* Project object */;
			proxyType = 1;
			remoteGlobalIDString = 58B17B4C23576E42002DFB18;
			remoteInfo = MadLibs;
		};
		58B17B6F23576E44002DFB18 /* PBXContainerItemProxy */ = {
			isa = PBXContainerItemProxy;
			containerPortal = 58B17B4523576E42002DFB18 /* Project object */;
			proxyType = 1;
			remoteGlobalIDString = 58B17B4C23576E42002DFB18;
			remoteInfo = MadLibs;
		};
/* End PBXContainerItemProxy section */

/* Begin PBXFileReference section */
		58B17B4D23576E42002DFB18 /* MadLibs.app */ = {isa = PBXFileReference; explicitFileType = wrapper.application; includeInIndex = 0; path = MadLibs.app; sourceTree = BUILT_PRODUCTS_DIR; };
		58B17B5023576E42002DFB18 /* AppDelegate.swift */ = {isa = PBXFileReference; lastKnownFileType = sourcecode.swift; path = AppDelegate.swift; sourceTree = "<group>"; };
		58B17B5223576E42002DFB18 /* SceneDelegate.swift */ = {isa = PBXFileReference; lastKnownFileType = sourcecode.swift; path = SceneDelegate.swift; sourceTree = "<group>"; };
		58B17B5423576E42002DFB18 /* ViewController.swift */ = {isa = PBXFileReference; lastKnownFileType = sourcecode.swift; path = ViewController.swift; sourceTree = "<group>"; };
		58B17B5723576E42002DFB18 /* Base */ = {isa = PBXFileReference; lastKnownFileType = file.storyboard; name = Base; path = Base.lproj/Main.storyboard; sourceTree = "<group>"; };
		58B17B5923576E44002DFB18 /* Assets.xcassets */ = {isa = PBXFileReference; lastKnownFileType = folder.assetcatalog; path = Assets.xcassets; sourceTree = "<group>"; };
		58B17B5C23576E44002DFB18 /* Base */ = {isa = PBXFileReference; lastKnownFileType = file.storyboard; name = Base; path = Base.lproj/LaunchScreen.storyboard; sourceTree = "<group>"; };
		58B17B5E23576E44002DFB18 /* Info.plist */ = {isa = PBXFileReference; lastKnownFileType = text.plist.xml; path = Info.plist; sourceTree = "<group>"; };
		58B17B6323576E44002DFB18 /* MadLibsTests.xctest */ = {isa = PBXFileReference; explicitFileType = wrapper.cfbundle; includeInIndex = 0; path = MadLibsTests.xctest; sourceTree = BUILT_PRODUCTS_DIR; };
		58B17B6723576E44002DFB18 /* MadLibsTests.swift */ = {isa = PBXFileReference; lastKnownFileType = sourcecode.swift; path = MadLibsTests.swift; sourceTree = "<group>"; };
		58B17B6923576E44002DFB18 /* Info.plist */ = {isa = PBXFileReference; lastKnownFileType = text.plist.xml; path = Info.plist; sourceTree = "<group>"; };
		58B17B6E23576E44002DFB18 /* MadLibsUITests.xctest */ = {isa = PBXFileReference; explicitFileType = wrapper.cfbundle; includeInIndex = 0; path = MadLibsUITests.xctest; sourceTree = BUILT_PRODUCTS_DIR; };
		58B17B7223576E44002DFB18 /* MadLibsUITests.swift */ = {isa = PBXFileReference; lastKnownFileType = sourcecode.swift; path = MadLibsUITests.swift; sourceTree = "<group>"; };
		58B17B7423576E44002DFB18 /* Info.plist */ = {isa = PBXFileReference; lastKnownFileType = text.plist.xml; path = Info.plist; sourceTree = "<group>"; };
/* End PBXFileReference section */

/* Begin PBXFrameworksBuildPhase section */
		58B17B4A23576E42002DFB18 /* Frameworks */ = {
			isa = PBXFrameworksBuildPhase;
			buildActionMask = 2147483647;
			files = (
			);
			runOnlyForDeploymentPostprocessing = 0;
		};
		58B17B6023576E44002DFB18 /* Frameworks */ = {
			isa = PBXFrameworksBuildPhase;
			buildActionMask = 2147483647;
			files = (
			);
			runOnlyForDeploymentPostprocessing = 0;
		};
		58B17B6B23576E44002DFB18 /* Frameworks */ = {
			isa = PBXFrameworksBuildPhase;
			buildActionMask = 2147483647;
			files = (
			);
			runOnlyForDeploymentPostprocessing = 0;
		};
/* End PBXFrameworksBuildPhase section */

/* Begin PBXGroup section */
		58B17B4423576E42002DFB18 = {
			isa = PBXGroup;
			children = (
				58B17B4F23576E42002DFB18 /* MadLibs */,
				58B17B6623576E44002DFB18 /* MadLibsTests */,
				58B17B7123576E44002DFB18 /* MadLibsUITests */,
				58B17B4E23576E42002DFB18 /* Products */,
			);
			sourceTree = "<group>";
		};
		58B17B4E23576E42002DFB18 /* Products */ = {
			isa = PBXGroup;
			children = (
				58B17B4D23576E42002DFB18 /* MadLibs.app */,
				58B17B6323576E44002DFB18 /* MadLibsTests.xctest */,
				58B17B6E23576E44002DFB18 /* MadLibsUITests.xctest */,
			);
			name = Products;
			sourceTree = "<group>";
		};
		58B17B4F23576E42002DFB18 /* MadLibs */ = {
			isa = PBXGroup;
			children = (
				58B17B5023576E42002DFB18 /* AppDelegate.swift */,
				58B17B5223576E42002DFB18 /* SceneDelegate.swift */,
				58B17B5423576E42002DFB18 /* ViewController.swift */,
				58B17B5623576E42002DFB18 /* Main.storyboard */,
				58B17B5923576E44002DFB18 /* Assets.xcassets */,
				58B17B5B23576E44002DFB18 /* LaunchScreen.storyboard */,
				58B17B5E23576E44002DFB18 /* Info.plist */,
			);
			path = MadLibs;
			sourceTree = "<group>";
		};
		58B17B6623576E44002DFB18 /* MadLibsTests */ = {
			isa = PBXGroup;
			children = (
				58B17B6723576E44002DFB18 /* MadLibsTests.swift */,
				58B17B6923576E44002DFB18 /* Info.plist */,
			);
			path = MadLibsTests;
			sourceTree = "<group>";
		};
		58B17B7123576E44002DFB18 /* MadLibsUITests */ = {
			isa = PBXGroup;
			children = (
				58B17B7223576E44002DFB18 /* MadLibsUITests.swift */,
				58B17B7423576E44002DFB18 /* Info.plist */,
			);
			path = MadLibsUITests;
			sourceTree = "<group>";
		};
/* End PBXGroup section */

/* Begin PBXNativeTarget section */
		58B17B4C23576E42002DFB18 /* MadLibs */ = {
			isa = PBXNativeTarget;
			buildConfigurationList = 58B17B7723576E44002DFB18 /* Build configuration list for PBXNativeTarget "MadLibs" */;
			buildPhases = (
				58B17B4923576E42002DFB18 /* Sources */,
				58B17B4A23576E42002DFB18 /* Frameworks */,
				58B17B4B23576E42002DFB18 /* Resources */,
			);
			buildRules = (
			);
			dependencies = (
			);
			name = MadLibs;
			productName = MadLibs;
			productReference = 58B17B4D23576E42002DFB18 /* MadLibs.app */;
			productType = "com.apple.product-type.application";
		};
		58B17B6223576E44002DFB18 /* MadLibsTests */ = {
			isa = PBXNativeTarget;
			buildConfigurationList = 58B17B7A23576E44002DFB18 /* Build configuration list for PBXNativeTarget "MadLibsTests" */;
			buildPhases = (
				58B17B5F23576E44002DFB18 /* Sources */,
				58B17B6023576E44002DFB18 /* Frameworks */,
				58B17B6123576E44002DFB18 /* Resources */,
			);
			buildRules = (
			);
			dependencies = (
				58B17B6523576E44002DFB18 /* PBXTargetDependency */,
			);
			name = MadLibsTests;
			productName = MadLibsTests;
			productReference = 58B17B6323576E44002DFB18 /* MadLibsTests.xctest */;
			productType = "com.apple.product-type.bundle.unit-test";
		};
		58B17B6D23576E44002DFB18 /* MadLibsUITests */ = {
			isa = PBXNativeTarget;
			buildConfigurationList = 58B17B7D23576E44002DFB18 /* Build configuration list for PBXNativeTarget "MadLibsUITests" */;
			buildPhases = (
				58B17B6A23576E44002DFB18 /* Sources */,
				58B17B6B23576E44002DFB18 /* Frameworks */,
				58B17B6C23576E44002DFB18 /* Resources */,
			);
			buildRules = (
			);
			dependencies = (
				58B17B7023576E44002DFB18 /* PBXTargetDependency */,
			);
			name = MadLibsUITests;
			productName = MadLibsUITests;
			productReference = 58B17B6E23576E44002DFB18 /* MadLibsUITests.xctest */;
			productType = "com.apple.product-type.bundle.ui-testing";
		};
/* End PBXNativeTarget section */

/* Begin PBXProject section */
		58B17B4523576E42002DFB18 /* Project object */ = {
			isa = PBXProject;
			attributes = {
				LastSwiftUpdateCheck = 1110;
				LastUpgradeCheck = 1110;
				ORGANIZATIONNAME = mojo;
				TargetAttributes = {
					58B17B4C23576E42002DFB18 = {
						CreatedOnToolsVersion = 11.1;
					};
					58B17B6223576E44002DFB18 = {
						CreatedOnToolsVersion = 11.1;
						TestTargetID = 58B17B4C23576E42002DFB18;
					};
					58B17B6D23576E44002DFB18 = {
						CreatedOnToolsVersion = 11.1;
						TestTargetID = 58B17B4C23576E42002DFB18;
					};
				};
			};
			buildConfigurationList = 58B17B4823576E42002DFB18 /* Build configuration list for PBXProject "MadLibs" */;
			compatibilityVersion = "Xcode 9.3";
			developmentRegion = en;
			hasScannedForEncodings = 0;
			knownRegions = (
				en,
				Base,
			);
			mainGroup = 58B17B4423576E42002DFB18;
			productRefGroup = 58B17B4E23576E42002DFB18 /* Products */;
			projectDirPath = "";
			projectRoot = "";
			targets = (
				58B17B4C23576E42002DFB18 /* MadLibs */,
				58B17B6223576E44002DFB18 /* MadLibsTests */,
				58B17B6D23576E44002DFB18 /* MadLibsUITests */,
			);
		};
/* End PBXProject section */

/* Begin PBXResourcesBuildPhase section */
		58B17B4B23576E42002DFB18 /* Resources */ = {
			isa = PBXResourcesBuildPhase;
			buildActionMask = 2147483647;
			files = (
				58B17B5D23576E44002DFB18 /* LaunchScreen.storyboard in Resources */,
				58B17B5A23576E44002DFB18 /* Assets.xcassets in Resources */,
				58B17B5823576E42002DFB18 /* Main.storyboard in Resources */,
			);
			runOnlyForDeploymentPostprocessing = 0;
		};
		58B17B6123576E44002DFB18 /* Resources */ = {
			isa = PBXResourcesBuildPhase;
			buildActionMask = 2147483647;
			files = (
			);
			runOnlyForDeploymentPostprocessing = 0;
		};
		58B17B6C23576E44002DFB18 /* Resources */ = {
			isa = PBXResourcesBuildPhase;
			buildActionMask = 2147483647;
			files = (
			);
			runOnlyForDeploymentPostprocessing = 0;
		};
/* End PBXResourcesBuildPhase section */

/* Begin PBXSourcesBuildPhase section */
		58B17B4923576E42002DFB18 /* Sources */ = {
			isa = PBXSourcesBuildPhase;
			buildActionMask = 2147483647;
			files = (
				58B17B5523576E42002DFB18 /* ViewController.swift in Sources */,
				58B17B5123576E42002DFB18 /* AppDelegate.swift in Sources */,
				58B17B5323576E42002DFB18 /* SceneDelegate.swift in Sources */,
			);
			runOnlyForDeploymentPostprocessing = 0;
		};
		58B17B5F23576E44002DFB18 /* Sources */ = {
			isa = PBXSourcesBuildPhase;
			buildActionMask = 2147483647;
			files = (
				58B17B6823576E44002DFB18 /* MadLibsTests.swift in Sources */,
			);
			runOnlyForDeploymentPostprocessing = 0;
		};
		58B17B6A23576E44002DFB18 /* Sources */ = {
			isa = PBXSourcesBuildPhase;
			buildActionMask = 2147483647;
			files = (
				58B17B7323576E44002DFB18 /* MadLibsUITests.swift in Sources */,
			);
			runOnlyForDeploymentPostprocessing = 0;
		};
/* End PBXSourcesBuildPhase section */

/* Begin PBXTargetDependency section */
		58B17B6523576E44002DFB18 /* PBXTargetDependency */ = {
			isa = PBXTargetDependency;
			target = 58B17B4C23576E42002DFB18 /* MadLibs */;
			targetProxy = 58B17B6423576E44002DFB18 /* PBXContainerItemProxy */;
		};
		58B17B7023576E44002DFB18 /* PBXTargetDependency */ = {
			isa = PBXTargetDependency;
			target = 58B17B4C23576E42002DFB18 /* MadLibs */;
			targetProxy = 58B17B6F23576E44002DFB18 /* PBXContainerItemProxy */;
		};
/* End PBXTargetDependency section */

/* Begin PBXVariantGroup section */
		58B17B5623576E42002DFB18 /* Main.storyboard */ = {
			isa = PBXVariantGroup;
			children = (
				58B17B5723576E42002DFB18 /* Base */,
			);
			name = Main.storyboard;
			sourceTree = "<group>";
		};
		58B17B5B23576E44002DFB18 /* LaunchScreen.storyboard */ = {
			isa = PBXVariantGroup;
			children = (
				58B17B5C23576E44002DFB18 /* Base */,
			);
			name = LaunchScreen.storyboard;
			sourceTree = "<group>";
		};
/* End PBXVariantGroup section */

/* Begin XCBuildConfiguration section */
		58B17B7523576E44002DFB18 /* Debug */ = {
			isa = XCBuildConfiguration;
			buildSettings = {
				ALWAYS_SEARCH_USER_PATHS = NO;
				CLANG_ANALYZER_NONNULL = YES;
				CLANG_ANALYZER_NUMBER_OBJECT_CONVERSION = YES_AGGRESSIVE;
				CLANG_CXX_LANGUAGE_STANDARD = "gnu++14";
				CLANG_CXX_LIBRARY = "libc++";
				CLANG_ENABLE_MODULES = YES;
				CLANG_ENABLE_OBJC_ARC = YES;
				CLANG_ENABLE_OBJC_WEAK = YES;
				CLANG_WARN_BLOCK_CAPTURE_AUTORELEASING = YES;
				CLANG_WARN_BOOL_CONVERSION = YES;
				CLANG_WARN_COMMA = YES;
				CLANG_WARN_CONSTANT_CONVERSION = YES;
				CLANG_WARN_DEPRECATED_OBJC_IMPLEMENTATIONS = YES;
				CLANG_WARN_DIRECT_OBJC_ISA_USAGE = YES_ERROR;
				CLANG_WARN_DOCUMENTATION_COMMENTS = YES;
				CLANG_WARN_EMPTY_BODY = YES;
				CLANG_WARN_ENUM_CONVERSION = YES;
				CLANG_WARN_INFINITE_RECURSION = YES;
				CLANG_WARN_INT_CONVERSION = YES;
				CLANG_WARN_NON_LITERAL_NULL_CONVERSION = YES;
				CLANG_WARN_OBJC_IMPLICIT_RETAIN_SELF = YES;
				CLANG_WARN_OBJC_LITERAL_CONVERSION = YES;
				CLANG_WARN_OBJC_ROOT_CLASS = YES_ERROR;
				CLANG_WARN_RANGE_LOOP_ANALYSIS = YES;
				CLANG_WARN_STRICT_PROTOTYPES = YES;
				CLANG_WARN_SUSPICIOUS_MOVE = YES;
				CLANG_WARN_UNGUARDED_AVAILABILITY = YES_AGGRESSIVE;
				CLANG_WARN_UNREACHABLE_CODE = YES;
				CLANG_WARN__DUPLICATE_METHOD_MATCH = YES;
				COPY_PHASE_STRIP = NO;
				DEBUG_INFORMATION_FORMAT = dwarf;
				ENABLE_STRICT_OBJC_MSGSEND = YES;
				ENABLE_TESTABILITY = YES;
				GCC_C_LANGUAGE_STANDARD = gnu11;
				GCC_DYNAMIC_NO_PIC = NO;
				GCC_NO_COMMON_BLOCKS = YES;
				GCC_OPTIMIZATION_LEVEL = 0;
				GCC_PREPROCESSOR_DEFINITIONS = (
					"DEBUG=1",
					"$(inherited)",
				);
				GCC_WARN_64_TO_32_BIT_CONVERSION = YES;
				GCC_WARN_ABOUT_RETURN_TYPE = YES_ERROR;
				GCC_WARN_UNDECLARED_SELECTOR = YES;
				GCC_WARN_UNINITIALIZED_AUTOS = YES_AGGRESSIVE;
				GCC_WARN_UNUSED_FUNCTION = YES;
				GCC_WARN_UNUSED_VARIABLE = YES;
				IPHONEOS_DEPLOYMENT_TARGET = 13.1;
				MTL_ENABLE_DEBUG_INFO = INCLUDE_SOURCE;
				MTL_FAST_MATH = YES;
				ONLY_ACTIVE_ARCH = YES;
				SDKROOT = iphoneos;
				SWIFT_ACTIVE_COMPILATION_CONDITIONS = DEBUG;
				SWIFT_OPTIMIZATION_LEVEL = "-Onone";
			};
			name = Debug;
		};
		58B17B7623576E44002DFB18 /* Release */ = {
			isa = XCBuildConfiguration;
			buildSettings = {
				ALWAYS_SEARCH_USER_PATHS = NO;
				CLANG_ANALYZER_NONNULL = YES;
				CLANG_ANALYZER_NUMBER_OBJECT_CONVERSION = YES_AGGRESSIVE;
				CLANG_CXX_LANGUAGE_STANDARD = "gnu++14";
				CLANG_CXX_LIBRARY = "libc++";
				CLANG_ENABLE_MODULES = YES;
				CLANG_ENABLE_OBJC_ARC = YES;
				CLANG_ENABLE_OBJC_WEAK = YES;
				CLANG_WARN_BLOCK_CAPTURE_AUTORELEASING = YES;
				CLANG_WARN_BOOL_CONVERSION = YES;
				CLANG_WARN_COMMA = YES;
				CLANG_WARN_CONSTANT_CONVERSION = YES;
				CLANG_WARN_DEPRECATED_OBJC_IMPLEMENTATIONS = YES;
				CLANG_WARN_DIRECT_OBJC_ISA_USAGE = YES_ERROR;
				CLANG_WARN_DOCUMENTATION_COMMENTS = YES;
				CLANG_WARN_EMPTY_BODY = YES;
				CLANG_WARN_ENUM_CONVERSION = YES;
				CLANG_WARN_INFINITE_RECURSION = YES;
				CLANG_WARN_INT_CONVERSION = YES;
				CLANG_WARN_NON_LITERAL_NULL_CONVERSION = YES;
				CLANG_WARN_OBJC_IMPLICIT_RETAIN_SELF = YES;
				CLANG_WARN_OBJC_LITERAL_CONVERSION = YES;
				CLANG_WARN_OBJC_ROOT_CLASS = YES_ERROR;
				CLANG_WARN_RANGE_LOOP_ANALYSIS = YES;
				CLANG_WARN_STRICT_PROTOTYPES = YES;
				CLANG_WARN_SUSPICIOUS_MOVE = YES;
				CLANG_WARN_UNGUARDED_AVAILABILITY = YES_AGGRESSIVE;
				CLANG_WARN_UNREACHABLE_CODE = YES;
				CLANG_WARN__DUPLICATE_METHOD_MATCH = YES;
				COPY_PHASE_STRIP = NO;
				DEBUG_INFORMATION_FORMAT = "dwarf-with-dsym";
				ENABLE_NS_ASSERTIONS = NO;
				ENABLE_STRICT_OBJC_MSGSEND = YES;
				GCC_C_LANGUAGE_STANDARD = gnu11;
				GCC_NO_COMMON_BLOCKS = YES;
				GCC_WARN_64_TO_32_BIT_CONVERSION = YES;
				GCC_WARN_ABOUT_RETURN_TYPE = YES_ERROR;
				GCC_WARN_UNDECLARED_SELECTOR = YES;
				GCC_WARN_UNINITIALIZED_AUTOS = YES_AGGRESSIVE;
				GCC_WARN_UNUSED_FUNCTION = YES;
				GCC_WARN_UNUSED_VARIABLE = YES;
				IPHONEOS_DEPLOYMENT_TARGET = 13.1;
				MTL_ENABLE_DEBUG_INFO = NO;
				MTL_FAST_MATH = YES;
				SDKROOT = iphoneos;
				SWIFT_COMPILATION_MODE = wholemodule;
				SWIFT_OPTIMIZATION_LEVEL = "-O";
				VALIDATE_PRODUCT = YES;
			};
			name = Release;
		};
		58B17B7823576E44002DFB18 /* Debug */ = {
			isa = XCBuildConfiguration;
			buildSettings = {
				ASSETCATALOG_COMPILER_APPICON_NAME = AppIcon;
				CODE_SIGN_STYLE = Automatic;
				DEVELOPMENT_TEAM = RD42WQ9VF6;
				INFOPLIST_FILE = MadLibs/Info.plist;
				LD_RUNPATH_SEARCH_PATHS = (
					"$(inherited)",
					"@executable_path/Frameworks",
				);
				PRODUCT_BUNDLE_IDENTIFIER = AveryZ.MadLibs;
				PRODUCT_NAME = "$(TARGET_NAME)";
				SWIFT_VERSION = 5.0;
				TARGETED_DEVICE_FAMILY = "1,2";
			};
			name = Debug;
		};
		58B17B7923576E44002DFB18 /* Release */ = {
			isa = XCBuildConfiguration;
			buildSettings = {
				ASSETCATALOG_COMPILER_APPICON_NAME = AppIcon;
				CODE_SIGN_STYLE = Automatic;
				DEVELOPMENT_TEAM = RD42WQ9VF6;
				INFOPLIST_FILE = MadLibs/Info.plist;
				LD_RUNPATH_SEARCH_PATHS = (
					"$(inherited)",
					"@executable_path/Frameworks",
				);
				PRODUCT_BUNDLE_IDENTIFIER = AveryZ.MadLibs;
				PRODUCT_NAME = "$(TARGET_NAME)";
				SWIFT_VERSION = 5.0;
				TARGETED_DEVICE_FAMILY = "1,2";
			};
			name = Release;
		};
		58B17B7B23576E44002DFB18 /* Debug */ = {
			isa = XCBuildConfiguration;
			buildSettings = {
				ALWAYS_EMBED_SWIFT_STANDARD_LIBRARIES = YES;
				BUNDLE_LOADER = "$(TEST_HOST)";
				CODE_SIGN_STYLE = Automatic;
				DEVELOPMENT_TEAM = RD42WQ9VF6;
				INFOPLIST_FILE = MadLibsTests/Info.plist;
				IPHONEOS_DEPLOYMENT_TARGET = 13.1;
				LD_RUNPATH_SEARCH_PATHS = (
					"$(inherited)",
					"@executable_path/Frameworks",
					"@loader_path/Frameworks",
				);
				PRODUCT_BUNDLE_IDENTIFIER = AveryZ.MadLibsTests;
				PRODUCT_NAME = "$(TARGET_NAME)";
				SWIFT_VERSION = 5.0;
				TARGETED_DEVICE_FAMILY = "1,2";
				TEST_HOST = "$(BUILT_PRODUCTS_DIR)/MadLibs.app/MadLibs";
			};
			name = Debug;
		};
		58B17B7C23576E44002DFB18 /* Release */ = {
			isa = XCBuildConfiguration;
			buildSettings = {
				ALWAYS_EMBED_SWIFT_STANDARD_LIBRARIES = YES;
				BUNDLE_LOADER = "$(TEST_HOST)";
				CODE_SIGN_STYLE = Automatic;
				DEVELOPMENT_TEAM = RD42WQ9VF6;
				INFOPLIST_FILE = MadLibsTests/Info.plist;
				IPHONEOS_DEPLOYMENT_TARGET = 13.1;
				LD_RUNPATH_SEARCH_PATHS = (
					"$(inherited)",
					"@executable_path/Frameworks",
					"@loader_path/Frameworks",
				);
				PRODUCT_BUNDLE_IDENTIFIER = AveryZ.MadLibsTests;
				PRODUCT_NAME = "$(TARGET_NAME)";
				SWIFT_VERSION = 5.0;
				TARGETED_DEVICE_FAMILY = "1,2";
				TEST_HOST = "$(BUILT_PRODUCTS_DIR)/MadLibs.app/MadLibs";
			};
			name = Release;
		};
		58B17B7E23576E44002DFB18 /* Debug */ = {
			isa = XCBuildConfiguration;
			buildSettings = {
				ALWAYS_EMBED_SWIFT_STANDARD_LIBRARIES = YES;
				CODE_SIGN_STYLE = Automatic;
				DEVELOPMENT_TEAM = RD42WQ9VF6;
				INFOPLIST_FILE = MadLibsUITests/Info.plist;
				LD_RUNPATH_SEARCH_PATHS = (
					"$(inherited)",
					"@executable_path/Frameworks",
					"@loader_path/Frameworks",
				);
				PRODUCT_BUNDLE_IDENTIFIER = AveryZ.MadLibsUITests;
				PRODUCT_NAME = "$(TARGET_NAME)";
				SWIFT_VERSION = 5.0;
				TARGETED_DEVICE_FAMILY = "1,2";
				TEST_TARGET_NAME = MadLibs;
			};
			name = Debug;
		};
		58B17B7F23576E44002DFB18 /* Release */ = {
			isa = XCBuildConfiguration;
			buildSettings = {
				ALWAYS_EMBED_SWIFT_STANDARD_LIBRARIES = YES;
				CODE_SIGN_STYLE = Automatic;
				DEVELOPMENT_TEAM = RD42WQ9VF6;
				INFOPLIST_FILE = MadLibsUITests/Info.plist;
				LD_RUNPATH_SEARCH_PATHS = (
					"$(inherited)",
					"@executable_path/Frameworks",
					"@loader_path/Frameworks",
				);
				PRODUCT_BUNDLE_IDENTIFIER = AveryZ.MadLibsUITests;
				PRODUCT_NAME = "$(TARGET_NAME)";
				SWIFT_VERSION = 5.0;
				TARGETED_DEVICE_FAMILY = "1,2";
				TEST_TARGET_NAME = MadLibs;
			};
			name = Release;
		};
/* End XCBuildConfiguration section */

/* Begin XCConfigurationList section */
		58B17B4823576E42002DFB18 /* Build configuration list for PBXProject "MadLibs" */ = {
			isa = XCConfigurationList;
			buildConfigurations = (
				58B17B7523576E44002DFB18 /* Debug */,
				58B17B7623576E44002DFB18 /* Release */,
			);
			defaultConfigurationIsVisible = 0;
			defaultConfigurationName = Release;
		};
		58B17B7723576E44002DFB18 /* Build configuration list for PBXNativeTarget "MadLibs" */ = {
			isa = XCConfigurationList;
			buildConfigurations = (
				58B17B7823576E44002DFB18 /* Debug */,
				58B17B7923576E44002DFB18 /* Release */,
			);
			defaultConfigurationIsVisible = 0;
			defaultConfigurationName = Release;
		};
		58B17B7A23576E44002DFB18 /* Build configuration list for PBXNativeTarget "MadLibsTests" */ = {
			isa = XCConfigurationList;
			buildConfigurations = (
				58B17B7B23576E44002DFB18 /* Debug */,
				58B17B7C23576E44002DFB18 /* Release */,
			);
			defaultConfigurationIsVisible = 0;
			defaultConfigurationName = Release;
		};
		58B17B7D23576E44002DFB18 /* Build configuration list for PBXNativeTarget "MadLibsUITests" */ = {
			isa = XCConfigurationList;
			buildConfigurations = (
				58B17B7E23576E44002DFB18 /* Debug */,
				58B17B7F23576E44002DFB18 /* Release */,
			);
			defaultConfigurationIsVisible = 0;
			defaultConfigurationName = Release;
		};
/* End XCConfigurationList section */
	};
	rootObject = 58B17B4523576E42002DFB18 /* Project object */;
}
